// !$*UTF8*$!
{
	archiveVersion = 1;
	classes = {
	};
	objectVersion = 46;
	objects = {

/* Begin PBXBuildFile section */
		47C56F7F1A5B17FB0026F528 /* main.m in Sources */ = {isa = PBXBuildFile; fileRef = 47C56F7E1A5B17FB0026F528 /* main.m */; };
		47C56F821A5B17FB0026F528 /* AppDelegate.m in Sources */ = {isa = PBXBuildFile; fileRef = 47C56F811A5B17FB0026F528 /* AppDelegate.m */; };
		47C56F851A5B17FB0026F528 /* ViewController.m in Sources */ = {isa = PBXBuildFile; fileRef = 47C56F841A5B17FB0026F528 /* ViewController.m */; };
		47C56F881A5B17FB0026F528 /* Main.storyboard in Resources */ = {isa = PBXBuildFile; fileRef = 47C56F861A5B17FB0026F528 /* Main.storyboard */; };
		47C56F8A1A5B17FB0026F528 /* Images.xcassets in Resources */ = {isa = PBXBuildFile; fileRef = 47C56F891A5B17FB0026F528 /* Images.xcassets */; };
		47C56F8D1A5B17FB0026F528 /* LaunchScreen.xib in Resources */ = {isa = PBXBuildFile; fileRef = 47C56F8B1A5B17FB0026F528 /* LaunchScreen.xib */; };
		47C56F991A5B17FB0026F528 /* FlappyBirdEATests.m in Sources */ = {isa = PBXBuildFile; fileRef = 47C56F981A5B17FB0026F528 /* FlappyBirdEATests.m */; };
/* End PBXBuildFile section */

/* Begin PBXContainerItemProxy section */
		47C56F931A5B17FB0026F528 /* PBXContainerItemProxy */ = {
			isa = PBXContainerItemProxy;
			containerPortal = 47C56F711A5B17FB0026F528 /* Project object */;
			proxyType = 1;
			remoteGlobalIDString = 47C56F781A5B17FB0026F528;
			remoteInfo = FlappyBirdEA;
		};
/* End PBXContainerItemProxy section */

/* Begin PBXFileReference section */
		47C56F791A5B17FB0026F528 /* FlappyBirdEA.app */ = {isa = PBXFileReference; explicitFileType = wrapper.application; includeInIndex = 0; path = FlappyBirdEA.app; sourceTree = BUILT_PRODUCTS_DIR; };
		47C56F7D1A5B17FB0026F528 /* Info.plist */ = {isa = PBXFileReference; lastKnownFileType = text.plist.xml; path = Info.plist; sourceTree = "<group>"; };
		47C56F7E1A5B17FB0026F528 /* main.m */ = {isa = PBXFileReference; lastKnownFileType = sourcecode.c.objc; path = main.m; sourceTree = "<group>"; };
		47C56F801A5B17FB0026F528 /* AppDelegate.h */ = {isa = PBXFileReference; lastKnownFileType = sourcecode.c.h; path = AppDelegate.h; sourceTree = "<group>"; };
		47C56F811A5B17FB0026F528 /* AppDelegate.m */ = {isa = PBXFileReference; lastKnownFileType = sourcecode.c.objc; path = AppDelegate.m; sourceTree = "<group>"; };
		47C56F831A5B17FB0026F528 /* ViewController.h */ = {isa = PBXFileReference; lastKnownFileType = sourcecode.c.h; path = ViewController.h; sourceTree = "<group>"; };
		47C56F841A5B17FB0026F528 /* ViewController.m */ = {isa = PBXFileReference; lastKnownFileType = sourcecode.c.objc; path = ViewController.m; sourceTree = "<group>"; };
		47C56F871A5B17FB0026F528 /* Base */ = {isa = PBXFileReference; lastKnownFileType = file.storyboard; name = Base; path = Base.lproj/Main.storyboard; sourceTree = "<group>"; };
		47C56F891A5B17FB0026F528 /* Images.xcassets */ = {isa = PBXFileReference; lastKnownFileType = folder.assetcatalog; path = Images.xcassets; sourceTree = "<group>"; };
		47C56F8C1A5B17FB0026F528 /* Base */ = {isa = PBXFileReference; lastKnownFileType = file.xib; name = Base; path = Base.lproj/LaunchScreen.xib; sourceTree = "<group>"; };
		47C56F921A5B17FB0026F528 /* FlappyBirdEATests.xctest */ = {isa = PBXFileReference; explicitFileType = wrapper.cfbundle; includeInIndex = 0; path = FlappyBirdEATests.xctest; sourceTree = BUILT_PRODUCTS_DIR; };
		47C56F971A5B17FB0026F528 /* Info.plist */ = {isa = PBXFileReference; lastKnownFileType = text.plist.xml; path = Info.plist; sourceTree = "<group>"; };
		47C56F981A5B17FB0026F528 /* FlappyBirdEATests.m */ = {isa = PBXFileReference; lastKnownFileType = sourcecode.c.objc; path = FlappyBirdEATests.m; sourceTree = "<group>"; };
/* End PBXFileReference section */

/* Begin PBXFrameworksBuildPhase section */
		47C56F761A5B17FB0026F528 /* Frameworks */ = {
			isa = PBXFrameworksBuildPhase;
			buildActionMask = 2147483647;
			files = (
			);
			runOnlyForDeploymentPostprocessing = 0;
		};
		47C56F8F1A5B17FB0026F528 /* Frameworks */ = {
			isa = PBXFrameworksBuildPhase;
			buildActionMask = 2147483647;
			files = (
			);
			runOnlyForDeploymentPostprocessing = 0;
		};
/* End PBXFrameworksBuildPhase section */

/* Begin PBXGroup section */
		47C56F701A5B17FB0026F528 = {
			isa = PBXGroup;
			children = (
				47C56F7B1A5B17FB0026F528 /* FlappyBirdEA */,
				47C56F951A5B17FB0026F528 /* FlappyBirdEATests */,
				47C56F7A1A5B17FB0026F528 /* Products */,
			);
			sourceTree = "<group>";
		};
		47C56F7A1A5B17FB0026F528 /* Products */ = {
			isa = PBXGroup;
			children = (
				47C56F791A5B17FB0026F528 /* FlappyBirdEA.app */,
				47C56F921A5B17FB0026F528 /* FlappyBirdEATests.xctest */,
			);
			name = Products;
			sourceTree = "<group>";
		};
		47C56F7B1A5B17FB0026F528 /* FlappyBirdEA */ = {
			isa = PBXGroup;
			children = (
				47C56F801A5B17FB0026F528 /* AppDelegate.h */,
				47C56F811A5B17FB0026F528 /* AppDelegate.m */,
				47C56F831A5B17FB0026F528 /* ViewController.h */,
				47C56F841A5B17FB0026F528 /* ViewController.m */,
				47C56F861A5B17FB0026F528 /* Main.storyboard */,
				47C56F891A5B17FB0026F528 /* Images.xcassets */,
				47C56F8B1A5B17FB0026F528 /* LaunchScreen.xib */,
				47C56F7C1A5B17FB0026F528 /* Supporting Files */,
			);
			path = FlappyBirdEA;
			sourceTree = "<group>";
		};
		47C56F7C1A5B17FB0026F528 /* Supporting Files */ = {
			isa = PBXGroup;
			children = (
				47C56F7D1A5B17FB0026F528 /* Info.plist */,
				47C56F7E1A5B17FB0026F528 /* main.m */,
			);
			name = "Supporting Files";
			sourceTree = "<group>";
		};
		47C56F951A5B17FB0026F528 /* FlappyBirdEATests */ = {
			isa = PBXGroup;
			children = (
				47C56F981A5B17FB0026F528 /* FlappyBirdEATests.m */,
				47C56F961A5B17FB0026F528 /* Supporting Files */,
			);
			path = FlappyBirdEATests;
			sourceTree = "<group>";
		};
		47C56F961A5B17FB0026F528 /* Supporting Files */ = {
			isa = PBXGroup;
			children = (
				47C56F971A5B17FB0026F528 /* Info.plist */,
			);
			name = "Supporting Files";
			sourceTree = "<group>";
		};
/* End PBXGroup section */

/* Begin PBXNativeTarget section */
		47C56F781A5B17FB0026F528 /* FlappyBirdEA */ = {
			isa = PBXNativeTarget;
			buildConfigurationList = 47C56F9C1A5B17FB0026F528 /* Build configuration list for PBXNativeTarget "FlappyBirdEA" */;
			buildPhases = (
				47C56F751A5B17FB0026F528 /* Sources */,
				47C56F761A5B17FB0026F528 /* Frameworks */,
				47C56F771A5B17FB0026F528 /* Resources */,
			);
			buildRules = (
			);
			dependencies = (
			);
			name = FlappyBirdEA;
			productName = FlappyBirdEA;
			productReference = 47C56F791A5B17FB0026F528 /* FlappyBirdEA.app */;
			productType = "com.apple.product-type.application";
		};
		47C56F911A5B17FB0026F528 /* FlappyBirdEATests */ = {
			isa = PBXNativeTarget;
			buildConfigurationList = 47C56F9F1A5B17FB0026F528 /* Build configuration list for PBXNativeTarget "FlappyBirdEATests" */;
			buildPhases = (
				47C56F8E1A5B17FB0026F528 /* Sources */,
				47C56F8F1A5B17FB0026F528 /* Frameworks */,
				47C56F901A5B17FB0026F528 /* Resources */,
			);
			buildRules = (
			);
			dependencies = (
				47C56F941A5B17FB0026F528 /* PBXTargetDependency */,
			);
			name = FlappyBirdEATests;
			productName = FlappyBirdEATests;
			productReference = 47C56F921A5B17FB0026F528 /* FlappyBirdEATests.xctest */;
			productType = "com.apple.product-type.bundle.unit-test";
		};
/* End PBXNativeTarget section */

/* Begin PBXProject section */
		47C56F711A5B17FB0026F528 /* Project object */ = {
			isa = PBXProject;
			attributes = {
				LastUpgradeCheck = 0600;
				ORGANIZATIONNAME = MattMemmo;
				TargetAttributes = {
					47C56F781A5B17FB0026F528 = {
						CreatedOnToolsVersion = 6.0;
					};
					47C56F911A5B17FB0026F528 = {
						CreatedOnToolsVersion = 6.0;
						TestTargetID = 47C56F781A5B17FB0026F528;
					};
				};
			};
			buildConfigurationList = 47C56F741A5B17FB0026F528 /* Build configuration list for PBXProject "FlappyBirdEA" */;
			compatibilityVersion = "Xcode 3.2";
			developmentRegion = English;
			hasScannedForEncodings = 0;
			knownRegions = (
				en,
				Base,
			);
			mainGroup = 47C56F701A5B17FB0026F528;
			productRefGroup = 47C56F7A1A5B17FB0026F528 /* Products */;
			projectDirPath = "";
			projectRoot = "";
			targets = (
				47C56F781A5B17FB0026F528 /* FlappyBirdEA */,
				47C56F911A5B17FB0026F528 /* FlappyBirdEATests */,
			);
		};
/* End PBXProject section */

/* Begin PBXResourcesBuildPhase section */
		47C56F771A5B17FB0026F528 /* Resources */ = {
			isa = PBXResourcesBuildPhase;
			buildActionMask = 2147483647;
			files = (
				47C56F881A5B17FB0026F528 /* Main.storyboard in Resources */,
				47C56F8D1A5B17FB0026F528 /* LaunchScreen.xib in Resources */,
				47C56F8A1A5B17FB0026F528 /* Images.xcassets in Resources */,
			);
			runOnlyForDeploymentPostprocessing = 0;
		};
		47C56F901A5B17FB0026F528 /* Resources */ = {
			isa = PBXResourcesBuildPhase;
			buildActionMask = 2147483647;
			files = (
			);
			runOnlyForDeploymentPostprocessing = 0;
		};
/* End PBXResourcesBuildPhase section */

/* Begin PBXSourcesBuildPhase section */
		47C56F751A5B17FB0026F528 /* Sources */ = {
			isa = PBXSourcesBuildPhase;
			buildActionMask = 2147483647;
			files = (
				47C56F851A5B17FB0026F528 /* ViewController.m in Sources */,
				47C56F821A5B17FB0026F528 /* AppDelegate.m in Sources */,
				47C56F7F1A5B17FB0026F528 /* main.m in Sources */,
			);
			runOnlyForDeploymentPostprocessing = 0;
		};
		47C56F8E1A5B17FB0026F528 /* Sources */ = {
			isa = PBXSourcesBuildPhase;
			buildActionMask = 2147483647;
			files = (
				47C56F991A5B17FB0026F528 /* FlappyBirdEATests.m in Sources */,
			);
			runOnlyForDeploymentPostprocessing = 0;
		};
/* End PBXSourcesBuildPhase section */

/* Begin PBXTargetDependency section */
		47C56F941A5B17FB0026F528 /* PBXTargetDependency */ = {
			isa = PBXTargetDependency;
			target = 47C56F781A5B17FB0026F528 /* FlappyBirdEA */;
			targetProxy = 47C56F931A5B17FB0026F528 /* PBXContainerItemProxy */;
		};
/* End PBXTargetDependency section */

/* Begin PBXVariantGroup section */
		47C56F861A5B17FB0026F528 /* Main.storyboard */ = {
			isa = PBXVariantGroup;
			children = (
				47C56F871A5B17FB0026F528 /* Base */,
			);
			name = Main.storyboard;
			sourceTree = "<group>";
		};
		47C56F8B1A5B17FB0026F528 /* LaunchScreen.xib */ = {
			isa = PBXVariantGroup;
			children = (
				47C56F8C1A5B17FB0026F528 /* Base */,
			);
			name = LaunchScreen.xib;
			sourceTree = "<group>";
		};
/* End PBXVariantGroup section */

/* Begin XCBuildConfiguration section */
		47C56F9A1A5B17FB0026F528 /* Debug */ = {
			isa = XCBuildConfiguration;
			buildSettings = {
				ALWAYS_SEARCH_USER_PATHS = NO;
				CLANG_CXX_LANGUAGE_STANDARD = "gnu++0x";
				CLANG_CXX_LIBRARY = "libc++";
				CLANG_ENABLE_MODULES = YES;
				CLANG_ENABLE_OBJC_ARC = YES;
				CLANG_WARN_BOOL_CONVERSION = YES;
				CLANG_WARN_CONSTANT_CONVERSION = YES;
				CLANG_WARN_DIRECT_OBJC_ISA_USAGE = YES_ERROR;
				CLANG_WARN_EMPTY_BODY = YES;
				CLANG_WARN_ENUM_CONVERSION = YES;
				CLANG_WARN_INT_CONVERSION = YES;
				CLANG_WARN_OBJC_ROOT_CLASS = YES_ERROR;
				CLANG_WARN_UNREACHABLE_CODE = YES;
				CLANG_WARN__DUPLICATE_METHOD_MATCH = YES;
				"CODE_SIGN_IDENTITY[sdk=iphoneos*]" = "iPhone Developer";
				COPY_PHASE_STRIP = NO;
				ENABLE_STRICT_OBJC_MSGSEND = YES;
				GCC_C_LANGUAGE_STANDARD = gnu99;
				GCC_DYNAMIC_NO_PIC = NO;
				GCC_OPTIMIZATION_LEVEL = 0;
				GCC_PREPROCESSOR_DEFINITIONS = (
					"DEBUG=1",
					"$(inherited)",
				);
				GCC_SYMBOLS_PRIVATE_EXTERN = NO;
				GCC_WARN_64_TO_32_BIT_CONVERSION = YES;
				GCC_WARN_ABOUT_RETURN_TYPE = YES_ERROR;
				GCC_WARN_UNDECLARED_SELECTOR = YES;
				GCC_WARN_UNINITIALIZED_AUTOS = YES_AGGRESSIVE;
				GCC_WARN_UNUSED_FUNCTION = YES;
				GCC_WARN_UNUSED_VARIABLE = YES;
				IPHONEOS_DEPLOYMENT_TARGET = 8.0;
				MTL_ENABLE_DEBUG_INFO = YES;
				ONLY_ACTIVE_ARCH = YES;
				SDKROOT = iphoneos;
			};
			name = Debug;
		};
		47C56F9B1A5B17FB0026F528 /* Release */ = {
			isa = XCBuildConfiguration;
			buildSettings = {
				ALWAYS_SEARCH_USER_PATHS = NO;
				CLANG_CXX_LANGUAGE_STANDARD = "gnu++0x";
				CLANG_CXX_LIBRARY = "libc++";
				CLANG_ENABLE_MODULES = YES;
				CLANG_ENABLE_OBJC_ARC = YES;
				CLANG_WARN_BOOL_CONVERSION = YES;
				CLANG_WARN_CONSTANT_CONVERSION = YES;
				CLANG_WARN_DIRECT_OBJC_ISA_USAGE = YES_ERROR;
				CLANG_WARN_EMPTY_BODY = YES;
				CLANG_WARN_ENUM_CONVERSION = YES;
				CLANG_WARN_INT_CONVERSION = YES;
				CLANG_WARN_OBJC_ROOT_CLASS = YES_ERROR;
				CLANG_WARN_UNREACHABLE_CODE = YES;
				CLANG_WARN__DUPLICATE_METHOD_MATCH = YES;
				"CODE_SIGN_IDENTITY[sdk=iphoneos*]" = "iPhone Developer";
				COPY_PHASE_STRIP = YES;
				ENABLE_NS_ASSERTIONS = NO;
				ENABLE_STRICT_OBJC_MSGSEND = YES;
				GCC_C_LANGUAGE_STANDARD = gnu99;
				GCC_WARN_64_TO_32_BIT_CONVERSION = YES;
				GCC_WARN_ABOUT_RETURN_TYPE = YES_ERROR;
				GCC_WARN_UNDECLARED_SELECTOR = YES;
				GCC_WARN_UNINITIALIZED_AUTOS = YES_AGGRESSIVE;
				GCC_WARN_UNUSED_FUNCTION = YES;
				GCC_WARN_UNUSED_VARIABLE = YES;
				IPHONEOS_DEPLOYMENT_TARGET = 8.0;
				MTL_ENABLE_DEBUG_INFO = NO;
				SDKROOT = iphoneos;
				VALIDATE_PRODUCT = YES;
			};
			name = Release;
		};
		47C56F9D1A5B17FB0026F528 /* Debug */ = {
			isa = XCBuildConfiguration;
			buildSettings = {
				ASSETCATALOG_COMPILER_APPICON_NAME = AppIcon;
				INFOPLIST_FILE = FlappyBirdEA/Info.plist;
				LD_RUNPATH_SEARCH_PATHS = "$(inherited) @executable_path/Frameworks";
				PRODUCT_NAME = "$(TARGET_NAME)";
			};
			name = Debug;
		};
		47C56F9E1A5B17FB0026F528 /* Release */ = {
			isa = XCBuildConfiguration;
			buildSettings = {
				ASSETCATALOG_COMPILER_APPICON_NAME = AppIcon;
				INFOPLIST_FILE = FlappyBirdEA/Info.plist;
				LD_RUNPATH_SEARCH_PATHS = "$(inherited) @executable_path/Frameworks";
				PRODUCT_NAME = "$(TARGET_NAME)";
			};
			name = Release;
		};
		47C56FA01A5B17FB0026F528 /* Debug */ = {
			isa = XCBuildConfiguration;
			buildSettings = {
				BUNDLE_LOADER = "$(TEST_HOST)";
				FRAMEWORK_SEARCH_PATHS = (
					"$(SDKROOT)/Developer/Library/Frameworks",
					"$(inherited)",
				);
				GCC_PREPROCESSOR_DEFINITIONS = (
					"DEBUG=1",
					"$(inherited)",
				);
				INFOPLIST_FILE = FlappyBirdEATests/Info.plist;
				LD_RUNPATH_SEARCH_PATHS = "$(inherited) @executable_path/Frameworks @loader_path/Frameworks";
				PRODUCT_NAME = "$(TARGET_NAME)";
				TEST_HOST = "$(BUILT_PRODUCTS_DIR)/FlappyBirdEA.app/FlappyBirdEA";
			};
			name = Debug;
		};
		47C56FA11A5B17FB0026F528 /* Release */ = {
			isa = XCBuildConfiguration;
			buildSettings = {
				BUNDLE_LOADER = "$(TEST_HOST)";
				FRAMEWORK_SEARCH_PATHS = (
					"$(SDKROOT)/Developer/Library/Frameworks",
					"$(inherited)",
				);
				INFOPLIST_FILE = FlappyBirdEATests/Info.plist;
				LD_RUNPATH_SEARCH_PATHS = "$(inherited) @executable_path/Frameworks @loader_path/Frameworks";
				PRODUCT_NAME = "$(TARGET_NAME)";
				TEST_HOST = "$(BUILT_PRODUCTS_DIR)/FlappyBirdEA.app/FlappyBirdEA";
			};
			name = Release;
		};
/* End XCBuildConfiguration section */

/* Begin XCConfigurationList section */
		47C56F741A5B17FB0026F528 /* Build configuration list for PBXProject "FlappyBirdEA" */ = {
			isa = XCConfigurationList;
			buildConfigurations = (
				47C56F9A1A5B17FB0026F528 /* Debug */,
				47C56F9B1A5B17FB0026F528 /* Release */,
			);
			defaultConfigurationIsVisible = 0;
			defaultConfigurationName = Release;
		};
		47C56F9C1A5B17FB0026F528 /* Build configuration list for PBXNativeTarget "FlappyBirdEA" */ = {
			isa = XCConfigurationList;
			buildConfigurations = (
				47C56F9D1A5B17FB0026F528 /* Debug */,
				47C56F9E1A5B17FB0026F528 /* Release */,
			);
			defaultConfigurationIsVisible = 0;
		};
		47C56F9F1A5B17FB0026F528 /* Build configuration list for PBXNativeTarget "FlappyBirdEATests" */ = {
			isa = XCConfigurationList;
			buildConfigurations = (
				47C56FA01A5B17FB0026F528 /* Debug */,
				47C56FA11A5B17FB0026F528 /* Release */,
			);
			defaultConfigurationIsVisible = 0;
		};
/* End XCConfigurationList section */
	};
	rootObject = 47C56F711A5B17FB0026F528 /* Project object */;
}
